// !$*UTF8*$!
{
	archiveVersion = 1;
	classes = {
	};
	objectVersion = 50;
	objects = {

/* Begin PBXBuildFile section */
		CD034432234CD40C00FFC352 /* AppDelegate.swift in Sources */ = {isa = PBXBuildFile; fileRef = CD034431234CD40C00FFC352 /* AppDelegate.swift */; };
		CD034434234CD40C00FFC352 /* SceneDelegate.swift in Sources */ = {isa = PBXBuildFile; fileRef = CD034433234CD40C00FFC352 /* SceneDelegate.swift */; };
		CD034436234CD40C00FFC352 /* ViewController.swift in Sources */ = {isa = PBXBuildFile; fileRef = CD034435234CD40C00FFC352 /* ViewController.swift */; };
		CD034439234CD40C00FFC352 /* Main.storyboard in Resources */ = {isa = PBXBuildFile; fileRef = CD034437234CD40C00FFC352 /* Main.storyboard */; };
		CD03443B234CD41200FFC352 /* Assets.xcassets in Resources */ = {isa = PBXBuildFile; fileRef = CD03443A234CD41200FFC352 /* Assets.xcassets */; };
		CD03443E234CD41200FFC352 /* LaunchScreen.storyboard in Resources */ = {isa = PBXBuildFile; fileRef = CD03443C234CD41200FFC352 /* LaunchScreen.storyboard */; };
		CD034449234CD41200FFC352 /* Pursuit_Core_iOS_Functions_Lab_TwoTests.swift in Sources */ = {isa = PBXBuildFile; fileRef = CD034448234CD41200FFC352 /* Pursuit_Core_iOS_Functions_Lab_TwoTests.swift */; };
		CD034455234CD50800FFC352 /* functionsProblemsTwo.swift in Sources */ = {isa = PBXBuildFile; fileRef = CD034454234CD50800FFC352 /* functionsProblemsTwo.swift */; };
/* End PBXBuildFile section */

/* Begin PBXContainerItemProxy section */
		CD034445234CD41200FFC352 /* PBXContainerItemProxy */ = {
			isa = PBXContainerItemProxy;
			containerPortal = CD034426234CD40B00FFC352 /* Project object */;
			proxyType = 1;
			remoteGlobalIDString = CD03442D234CD40C00FFC352;
			remoteInfo = "Pursuit-Core-iOS-Functions-Lab-Two";
		};
/* End PBXContainerItemProxy section */

/* Begin PBXFileReference section */
		CD03442E234CD40C00FFC352 /* Pursuit-Core-iOS-Functions-Lab-Two.app */ = {isa = PBXFileReference; explicitFileType = wrapper.application; includeInIndex = 0; path = "Pursuit-Core-iOS-Functions-Lab-Two.app"; sourceTree = BUILT_PRODUCTS_DIR; };
		CD034431234CD40C00FFC352 /* AppDelegate.swift */ = {isa = PBXFileReference; lastKnownFileType = sourcecode.swift; path = AppDelegate.swift; sourceTree = "<group>"; };
		CD034433234CD40C00FFC352 /* SceneDelegate.swift */ = {isa = PBXFileReference; lastKnownFileType = sourcecode.swift; path = SceneDelegate.swift; sourceTree = "<group>"; };
		CD034435234CD40C00FFC352 /* ViewController.swift */ = {isa = PBXFileReference; lastKnownFileType = sourcecode.swift; path = ViewController.swift; sourceTree = "<group>"; };
		CD034438234CD40C00FFC352 /* Base */ = {isa = PBXFileReference; lastKnownFileType = file.storyboard; name = Base; path = Base.lproj/Main.storyboard; sourceTree = "<group>"; };
		CD03443A234CD41200FFC352 /* Assets.xcassets */ = {isa = PBXFileReference; lastKnownFileType = folder.assetcatalog; path = Assets.xcassets; sourceTree = "<group>"; };
		CD03443D234CD41200FFC352 /* Base */ = {isa = PBXFileReference; lastKnownFileType = file.storyboard; name = Base; path = Base.lproj/LaunchScreen.storyboard; sourceTree = "<group>"; };
		CD03443F234CD41200FFC352 /* Info.plist */ = {isa = PBXFileReference; lastKnownFileType = text.plist.xml; path = Info.plist; sourceTree = "<group>"; };
		CD034444234CD41200FFC352 /* Pursuit-Core-iOS-Functions-Lab-TwoTests.xctest */ = {isa = PBXFileReference; explicitFileType = wrapper.cfbundle; includeInIndex = 0; path = "Pursuit-Core-iOS-Functions-Lab-TwoTests.xctest"; sourceTree = BUILT_PRODUCTS_DIR; };
		CD034448234CD41200FFC352 /* Pursuit_Core_iOS_Functions_Lab_TwoTests.swift */ = {isa = PBXFileReference; lastKnownFileType = sourcecode.swift; path = Pursuit_Core_iOS_Functions_Lab_TwoTests.swift; sourceTree = "<group>"; };
		CD03444A234CD41200FFC352 /* Info.plist */ = {isa = PBXFileReference; lastKnownFileType = text.plist.xml; path = Info.plist; sourceTree = "<group>"; };
		CD034454234CD50800FFC352 /* functionsProblemsTwo.swift */ = {isa = PBXFileReference; lastKnownFileType = sourcecode.swift; path = functionsProblemsTwo.swift; sourceTree = "<group>"; };
/* End PBXFileReference section */

/* Begin PBXFrameworksBuildPhase section */
		CD03442B234CD40C00FFC352 /* Frameworks */ = {
			isa = PBXFrameworksBuildPhase;
			buildActionMask = 2147483647;
			files = (
			);
			runOnlyForDeploymentPostprocessing = 0;
		};
		CD034441234CD41200FFC352 /* Frameworks */ = {
			isa = PBXFrameworksBuildPhase;
			buildActionMask = 2147483647;
			files = (
			);
			runOnlyForDeploymentPostprocessing = 0;
		};
/* End PBXFrameworksBuildPhase section */

/* Begin PBXGroup section */
		CD034425234CD40B00FFC352 = {
			isa = PBXGroup;
			children = (
				CD034430234CD40C00FFC352 /* Pursuit-Core-iOS-Functions-Lab-Two */,
				CD034447234CD41200FFC352 /* Pursuit-Core-iOS-Functions-Lab-TwoTests */,
				CD03442F234CD40C00FFC352 /* Products */,
			);
			sourceTree = "<group>";
		};
		CD03442F234CD40C00FFC352 /* Products */ = {
			isa = PBXGroup;
			children = (
				CD03442E234CD40C00FFC352 /* Pursuit-Core-iOS-Functions-Lab-Two.app */,
				CD034444234CD41200FFC352 /* Pursuit-Core-iOS-Functions-Lab-TwoTests.xctest */,
			);
			name = Products;
			sourceTree = "<group>";
		};
		CD034430234CD40C00FFC352 /* Pursuit-Core-iOS-Functions-Lab-Two */ = {
			isa = PBXGroup;
			children = (
				CD034454234CD50800FFC352 /* functionsProblemsTwo.swift */,
				CD034453234CD4F400FFC352 /* Supporting Files */,
				CD034437234CD40C00FFC352 /* Main.storyboard */,
				CD03443C234CD41200FFC352 /* LaunchScreen.storyboard */,
				CD03443F234CD41200FFC352 /* Info.plist */,
			);
			path = "Pursuit-Core-iOS-Functions-Lab-Two";
			sourceTree = "<group>";
		};
		CD034447234CD41200FFC352 /* Pursuit-Core-iOS-Functions-Lab-TwoTests */ = {
			isa = PBXGroup;
			children = (
				CD034448234CD41200FFC352 /* Pursuit_Core_iOS_Functions_Lab_TwoTests.swift */,
				CD03444A234CD41200FFC352 /* Info.plist */,
			);
			path = "Pursuit-Core-iOS-Functions-Lab-TwoTests";
			sourceTree = "<group>";
		};
		CD034453234CD4F400FFC352 /* Supporting Files */ = {
			isa = PBXGroup;
			children = (
				CD034431234CD40C00FFC352 /* AppDelegate.swift */,
				CD034433234CD40C00FFC352 /* SceneDelegate.swift */,
				CD034435234CD40C00FFC352 /* ViewController.swift */,
				CD03443A234CD41200FFC352 /* Assets.xcassets */,
			);
			path = "Supporting Files";
			sourceTree = "<group>";
		};
/* End PBXGroup section */

/* Begin PBXNativeTarget section */
		CD03442D234CD40C00FFC352 /* Pursuit-Core-iOS-Functions-Lab-Two */ = {
			isa = PBXNativeTarget;
			buildConfigurationList = CD03444D234CD41200FFC352 /* Build configuration list for PBXNativeTarget "Pursuit-Core-iOS-Functions-Lab-Two" */;
			buildPhases = (
				CD03442A234CD40C00FFC352 /* Sources */,
				CD03442B234CD40C00FFC352 /* Frameworks */,
				CD03442C234CD40C00FFC352 /* Resources */,
			);
			buildRules = (
			);
			dependencies = (
			);
			name = "Pursuit-Core-iOS-Functions-Lab-Two";
			productName = "Pursuit-Core-iOS-Functions-Lab-Two";
			productReference = CD03442E234CD40C00FFC352 /* Pursuit-Core-iOS-Functions-Lab-Two.app */;
			productType = "com.apple.product-type.application";
		};
		CD034443234CD41200FFC352 /* Pursuit-Core-iOS-Functions-Lab-TwoTests */ = {
			isa = PBXNativeTarget;
			buildConfigurationList = CD034450234CD41200FFC352 /* Build configuration list for PBXNativeTarget "Pursuit-Core-iOS-Functions-Lab-TwoTests" */;
			buildPhases = (
				CD034440234CD41200FFC352 /* Sources */,
				CD034441234CD41200FFC352 /* Frameworks */,
				CD034442234CD41200FFC352 /* Resources */,
			);
			buildRules = (
			);
			dependencies = (
				CD034446234CD41200FFC352 /* PBXTargetDependency */,
			);
			name = "Pursuit-Core-iOS-Functions-Lab-TwoTests";
			productName = "Pursuit-Core-iOS-Functions-Lab-TwoTests";
			productReference = CD034444234CD41200FFC352 /* Pursuit-Core-iOS-Functions-Lab-TwoTests.xctest */;
			productType = "com.apple.product-type.bundle.unit-test";
		};
/* End PBXNativeTarget section */

/* Begin PBXProject section */
		CD034426234CD40B00FFC352 /* Project object */ = {
			isa = PBXProject;
			attributes = {
				LastSwiftUpdateCheck = 1100;
				LastUpgradeCheck = 1100;
				ORGANIZATIONNAME = "Benjamin Stone";
				TargetAttributes = {
					CD03442D234CD40C00FFC352 = {
						CreatedOnToolsVersion = 11.0;
					};
					CD034443234CD41200FFC352 = {
						CreatedOnToolsVersion = 11.0;
						TestTargetID = CD03442D234CD40C00FFC352;
					};
				};
			};
			buildConfigurationList = CD034429234CD40C00FFC352 /* Build configuration list for PBXProject "Pursuit-Core-iOS-Functions-Lab-Two" */;
			compatibilityVersion = "Xcode 9.3";
			developmentRegion = en;
			hasScannedForEncodings = 0;
			knownRegions = (
				en,
				Base,
			);
			mainGroup = CD034425234CD40B00FFC352;
			productRefGroup = CD03442F234CD40C00FFC352 /* Products */;
			projectDirPath = "";
			projectRoot = "";
			targets = (
				CD03442D234CD40C00FFC352 /* Pursuit-Core-iOS-Functions-Lab-Two */,
				CD034443234CD41200FFC352 /* Pursuit-Core-iOS-Functions-Lab-TwoTests */,
			);
		};
/* End PBXProject section */

/* Begin PBXResourcesBuildPhase section */
		CD03442C234CD40C00FFC352 /* Resources */ = {
			isa = PBXResourcesBuildPhase;
			buildActionMask = 2147483647;
			files = (
				CD03443E234CD41200FFC352 /* LaunchScreen.storyboard in Resources */,
				CD03443B234CD41200FFC352 /* Assets.xcassets in Resources */,
				CD034439234CD40C00FFC352 /* Main.storyboard in Resources */,
			);
			runOnlyForDeploymentPostprocessing = 0;
		};
		CD034442234CD41200FFC352 /* Resources */ = {
			isa = PBXResourcesBuildPhase;
			buildActionMask = 2147483647;
			files = (
			);
			runOnlyForDeploymentPostprocessing = 0;
		};
/* End PBXResourcesBuildPhase section */

/* Begin PBXSourcesBuildPhase section */
		CD03442A234CD40C00FFC352 /* Sources */ = {
			isa = PBXSourcesBuildPhase;
			buildActionMask = 2147483647;
			files = (
				CD034455234CD50800FFC352 /* functionsProblemsTwo.swift in Sources */,
				CD034436234CD40C00FFC352 /* ViewController.swift in Sources */,
				CD034432234CD40C00FFC352 /* AppDelegate.swift in Sources */,
				CD034434234CD40C00FFC352 /* SceneDelegate.swift in Sources */,
			);
			runOnlyForDeploymentPostprocessing = 0;
		};
		CD034440234CD41200FFC352 /* Sources */ = {
			isa = PBXSourcesBuildPhase;
			buildActionMask = 2147483647;
			files = (
				CD034449234CD41200FFC352 /* Pursuit_Core_iOS_Functions_Lab_TwoTests.swift in Sources */,
			);
			runOnlyForDeploymentPostprocessing = 0;
		};
/* End PBXSourcesBuildPhase section */

/* Begin PBXTargetDependency section */
		CD034446234CD41200FFC352 /* PBXTargetDependency */ = {
			isa = PBXTargetDependency;
			target = CD03442D234CD40C00FFC352 /* Pursuit-Core-iOS-Functions-Lab-Two */;
			targetProxy = CD034445234CD41200FFC352 /* PBXContainerItemProxy */;
		};
/* End PBXTargetDependency section */

/* Begin PBXVariantGroup section */
		CD034437234CD40C00FFC352 /* Main.storyboard */ = {
			isa = PBXVariantGroup;
			children = (
				CD034438234CD40C00FFC352 /* Base */,
			);
			name = Main.storyboard;
			sourceTree = "<group>";
		};
		CD03443C234CD41200FFC352 /* LaunchScreen.storyboard */ = {
			isa = PBXVariantGroup;
			children = (
				CD03443D234CD41200FFC352 /* Base */,
			);
			name = LaunchScreen.storyboard;
			sourceTree = "<group>";
		};
/* End PBXVariantGroup section */

/* Begin XCBuildConfiguration section */
		CD03444B234CD41200FFC352 /* Debug */ = {
			isa = XCBuildConfiguration;
			buildSettings = {
				ALWAYS_SEARCH_USER_PATHS = NO;
				CLANG_ANALYZER_NONNULL = YES;
				CLANG_ANALYZER_NUMBER_OBJECT_CONVERSION = YES_AGGRESSIVE;
				CLANG_CXX_LANGUAGE_STANDARD = "gnu++14";
				CLANG_CXX_LIBRARY = "libc++";
				CLANG_ENABLE_MODULES = YES;
				CLANG_ENABLE_OBJC_ARC = YES;
				CLANG_ENABLE_OBJC_WEAK = YES;
				CLANG_WARN_BLOCK_CAPTURE_AUTORELEASING = YES;
				CLANG_WARN_BOOL_CONVERSION = YES;
				CLANG_WARN_COMMA = YES;
				CLANG_WARN_CONSTANT_CONVERSION = YES;
				CLANG_WARN_DEPRECATED_OBJC_IMPLEMENTATIONS = YES;
				CLANG_WARN_DIRECT_OBJC_ISA_USAGE = YES_ERROR;
				CLANG_WARN_DOCUMENTATION_COMMENTS = YES;
				CLANG_WARN_EMPTY_BODY = YES;
				CLANG_WARN_ENUM_CONVERSION = YES;
				CLANG_WARN_INFINITE_RECURSION = YES;
				CLANG_WARN_INT_CONVERSION = YES;
				CLANG_WARN_NON_LITERAL_NULL_CONVERSION = YES;
				CLANG_WARN_OBJC_IMPLICIT_RETAIN_SELF = YES;
				CLANG_WARN_OBJC_LITERAL_CONVERSION = YES;
				CLANG_WARN_OBJC_ROOT_CLASS = YES_ERROR;
				CLANG_WARN_RANGE_LOOP_ANALYSIS = YES;
				CLANG_WARN_STRICT_PROTOTYPES = YES;
				CLANG_WARN_SUSPICIOUS_MOVE = YES;
				CLANG_WARN_UNGUARDED_AVAILABILITY = YES_AGGRESSIVE;
				CLANG_WARN_UNREACHABLE_CODE = YES;
				CLANG_WARN__DUPLICATE_METHOD_MATCH = YES;
				COPY_PHASE_STRIP = NO;
				DEBUG_INFORMATION_FORMAT = dwarf;
				ENABLE_STRICT_OBJC_MSGSEND = YES;
				ENABLE_TESTABILITY = YES;
				GCC_C_LANGUAGE_STANDARD = gnu11;
				GCC_DYNAMIC_NO_PIC = NO;
				GCC_NO_COMMON_BLOCKS = YES;
				GCC_OPTIMIZATION_LEVEL = 0;
				GCC_PREPROCESSOR_DEFINITIONS = (
					"DEBUG=1",
					"$(inherited)",
				);
				GCC_WARN_64_TO_32_BIT_CONVERSION = YES;
				GCC_WARN_ABOUT_RETURN_TYPE = YES_ERROR;
				GCC_WARN_UNDECLARED_SELECTOR = YES;
				GCC_WARN_UNINITIALIZED_AUTOS = YES_AGGRESSIVE;
				GCC_WARN_UNUSED_FUNCTION = YES;
				GCC_WARN_UNUSED_VARIABLE = YES;
				IPHONEOS_DEPLOYMENT_TARGET = 13.0;
				MTL_ENABLE_DEBUG_INFO = INCLUDE_SOURCE;
				MTL_FAST_MATH = YES;
				ONLY_ACTIVE_ARCH = YES;
				SDKROOT = iphoneos;
				SWIFT_ACTIVE_COMPILATION_CONDITIONS = DEBUG;
				SWIFT_OPTIMIZATION_LEVEL = "-Onone";
			};
			name = Debug;
		};
		CD03444C234CD41200FFC352 /* Release */ = {
			isa = XCBuildConfiguration;
			buildSettings = {
				ALWAYS_SEARCH_USER_PATHS = NO;
				CLANG_ANALYZER_NONNULL = YES;
				CLANG_ANALYZER_NUMBER_OBJECT_CONVERSION = YES_AGGRESSIVE;
				CLANG_CXX_LANGUAGE_STANDARD = "gnu++14";
				CLANG_CXX_LIBRARY = "libc++";
				CLANG_ENABLE_MODULES = YES;
				CLANG_ENABLE_OBJC_ARC = YES;
				CLANG_ENABLE_OBJC_WEAK = YES;
				CLANG_WARN_BLOCK_CAPTURE_AUTORELEASING = YES;
				CLANG_WARN_BOOL_CONVERSION = YES;
				CLANG_WARN_COMMA = YES;
				CLANG_WARN_CONSTANT_CONVERSION = YES;
				CLANG_WARN_DEPRECATED_OBJC_IMPLEMENTATIONS = YES;
				CLANG_WARN_DIRECT_OBJC_ISA_USAGE = YES_ERROR;
				CLANG_WARN_DOCUMENTATION_COMMENTS = YES;
				CLANG_WARN_EMPTY_BODY = YES;
				CLANG_WARN_ENUM_CONVERSION = YES;
				CLANG_WARN_INFINITE_RECURSION = YES;
				CLANG_WARN_INT_CONVERSION = YES;
				CLANG_WARN_NON_LITERAL_NULL_CONVERSION = YES;
				CLANG_WARN_OBJC_IMPLICIT_RETAIN_SELF = YES;
				CLANG_WARN_OBJC_LITERAL_CONVERSION = YES;
				CLANG_WARN_OBJC_ROOT_CLASS = YES_ERROR;
				CLANG_WARN_RANGE_LOOP_ANALYSIS = YES;
				CLANG_WARN_STRICT_PROTOTYPES = YES;
				CLANG_WARN_SUSPICIOUS_MOVE = YES;
				CLANG_WARN_UNGUARDED_AVAILABILITY = YES_AGGRESSIVE;
				CLANG_WARN_UNREACHABLE_CODE = YES;
				CLANG_WARN__DUPLICATE_METHOD_MATCH = YES;
				COPY_PHASE_STRIP = NO;
				DEBUG_INFORMATION_FORMAT = "dwarf-with-dsym";
				ENABLE_NS_ASSERTIONS = NO;
				ENABLE_STRICT_OBJC_MSGSEND = YES;
				GCC_C_LANGUAGE_STANDARD = gnu11;
				GCC_NO_COMMON_BLOCKS = YES;
				GCC_WARN_64_TO_32_BIT_CONVERSION = YES;
				GCC_WARN_ABOUT_RETURN_TYPE = YES_ERROR;
				GCC_WARN_UNDECLARED_SELECTOR = YES;
				GCC_WARN_UNINITIALIZED_AUTOS = YES_AGGRESSIVE;
				GCC_WARN_UNUSED_FUNCTION = YES;
				GCC_WARN_UNUSED_VARIABLE = YES;
				IPHONEOS_DEPLOYMENT_TARGET = 13.0;
				MTL_ENABLE_DEBUG_INFO = NO;
				MTL_FAST_MATH = YES;
				SDKROOT = iphoneos;
				SWIFT_COMPILATION_MODE = wholemodule;
				SWIFT_OPTIMIZATION_LEVEL = "-O";
				VALIDATE_PRODUCT = YES;
			};
			name = Release;
		};
		CD03444E234CD41200FFC352 /* Debug */ = {
			isa = XCBuildConfiguration;
			buildSettings = {
				ASSETCATALOG_COMPILER_APPICON_NAME = AppIcon;
				CODE_SIGN_STYLE = Automatic;
				DEVELOPMENT_TEAM = 26RHXP32FH;
				INFOPLIST_FILE = "Pursuit-Core-iOS-Functions-Lab-Two/Info.plist";
				LD_RUNPATH_SEARCH_PATHS = (
					"$(inherited)",
					"@executable_path/Frameworks",
				);
				PRODUCT_BUNDLE_IDENTIFIER = "pursuit.Pursuit-Core-iOS-Functions-Lab-Two";
				PRODUCT_NAME = "$(TARGET_NAME)";
				SWIFT_VERSION = 5.0;
				TARGETED_DEVICE_FAMILY = "1,2";
			};
			name = Debug;
		};
		CD03444F234CD41200FFC352 /* Release */ = {
			isa = XCBuildConfiguration;
			buildSettings = {
				ASSETCATALOG_COMPILER_APPICON_NAME = AppIcon;
				CODE_SIGN_STYLE = Automatic;
				DEVELOPMENT_TEAM = 26RHXP32FH;
				INFOPLIST_FILE = "Pursuit-Core-iOS-Functions-Lab-Two/Info.plist";
				LD_RUNPATH_SEARCH_PATHS = (
					"$(inherited)",
					"@executable_path/Frameworks",
				);
				PRODUCT_BUNDLE_IDENTIFIER = "pursuit.Pursuit-Core-iOS-Functions-Lab-Two";
				PRODUCT_NAME = "$(TARGET_NAME)";
				SWIFT_VERSION = 5.0;
				TARGETED_DEVICE_FAMILY = "1,2";
			};
			name = Release;
		};
		CD034451234CD41200FFC352 /* Debug */ = {
			isa = XCBuildConfiguration;
			buildSettings = {
				ALWAYS_EMBED_SWIFT_STANDARD_LIBRARIES = YES;
				BUNDLE_LOADER = "$(TEST_HOST)";
				CODE_SIGN_STYLE = Automatic;
				DEVELOPMENT_TEAM = 26RHXP32FH;
				INFOPLIST_FILE = "Pursuit-Core-iOS-Functions-Lab-TwoTests/Info.plist";
				IPHONEOS_DEPLOYMENT_TARGET = 13.0;
				LD_RUNPATH_SEARCH_PATHS = (
					"$(inherited)",
					"@executable_path/Frameworks",
					"@loader_path/Frameworks",
				);
				PRODUCT_BUNDLE_IDENTIFIER = "pursuit.Pursuit-Core-iOS-Functions-Lab-TwoTests";
				PRODUCT_NAME = "$(TARGET_NAME)";
				SWIFT_VERSION = 5.0;
				TARGETED_DEVICE_FAMILY = "1,2";
				TEST_HOST = "$(BUILT_PRODUCTS_DIR)/Pursuit-Core-iOS-Functions-Lab-Two.app/Pursuit-Core-iOS-Functions-Lab-Two";
			};
			name = Debug;
		};
		CD034452234CD41200FFC352 /* Release */ = {
			isa = XCBuildConfiguration;
			buildSettings = {
				ALWAYS_EMBED_SWIFT_STANDARD_LIBRARIES = YES;
				BUNDLE_LOADER = "$(TEST_HOST)";
				CODE_SIGN_STYLE = Automatic;
				DEVELOPMENT_TEAM = 26RHXP32FH;
				INFOPLIST_FILE = "Pursuit-Core-iOS-Functions-Lab-TwoTests/Info.plist";
				IPHONEOS_DEPLOYMENT_TARGET = 13.0;
				LD_RUNPATH_SEARCH_PATHS = (
					"$(inherited)",
					"@executable_path/Frameworks",
					"@loader_path/Frameworks",
				);
				PRODUCT_BUNDLE_IDENTIFIER = "pursuit.Pursuit-Core-iOS-Functions-Lab-TwoTests";
				PRODUCT_NAME = "$(TARGET_NAME)";
				SWIFT_VERSION = 5.0;
				TARGETED_DEVICE_FAMILY = "1,2";
				TEST_HOST = "$(BUILT_PRODUCTS_DIR)/Pursuit-Core-iOS-Functions-Lab-Two.app/Pursuit-Core-iOS-Functions-Lab-Two";
			};
			name = Release;
		};
/* End XCBuildConfiguration section */

/* Begin XCConfigurationList section */
		CD034429234CD40C00FFC352 /* Build configuration list for PBXProject "Pursuit-Core-iOS-Functions-Lab-Two" */ = {
			isa = XCConfigurationList;
			buildConfigurations = (
				CD03444B234CD41200FFC352 /* Debug */,
				CD03444C234CD41200FFC352 /* Release */,
			);
			defaultConfigurationIsVisible = 0;
			defaultConfigurationName = Release;
		};
		CD03444D234CD41200FFC352 /* Build configuration list for PBXNativeTarget "Pursuit-Core-iOS-Functions-Lab-Two" */ = {
			isa = XCConfigurationList;
			buildConfigurations = (
				CD03444E234CD41200FFC352 /* Debug */,
				CD03444F234CD41200FFC352 /* Release */,
			);
			defaultConfigurationIsVisible = 0;
			defaultConfigurationName = Release;
		};
		CD034450234CD41200FFC352 /* Build configuration list for PBXNativeTarget "Pursuit-Core-iOS-Functions-Lab-TwoTests" */ = {
			isa = XCConfigurationList;
			buildConfigurations = (
				CD034451234CD41200FFC352 /* Debug */,
				CD034452234CD41200FFC352 /* Release */,
			);
			defaultConfigurationIsVisible = 0;
			defaultConfigurationName = Release;
		};
/* End XCConfigurationList section */
	};
	rootObject = CD034426234CD40B00FFC352 /* Project object */;
}
